Microsoft Visual Studio Solution File, Format Version 12.00
# Visual Studio Version 17
VisualStudioVersion = 17.5.2.0
MinimumVisualStudioVersion = 10.0.40219.1
Project("{FAE04EC0-301F-11D3-BF4B-00C04F79EFBC}") = "CorporateCMS", "CorporateCMS.csproj", "{9532B884-CF3A-48FC-27A4-C67C14A76EF3}"
EndProject
Global
	GlobalSection(SolutionConfigurationPlatforms) = preSolution
		Debug|Any CPU = Debug|Any CPU
		Release|Any CPU = Release|Any CPU
	EndGlobalSection
	GlobalSection(ProjectConfigurationPlatforms) = postSolution
		{9532B884-CF3A-48FC-27A4-C67C14A76EF3}.Debug|Any CPU.ActiveCfg = Debug|Any CPU
		{9532B884-CF3A-48FC-27A4-C67C14A76EF3}.Debug|Any CPU.Build.0 = Debug|Any CPU
		{9532B884-CF3A-48FC-27A4-C67C14A76EF3}.Release|Any CPU.ActiveCfg = Release|Any CPU
		{9532B884-CF3A-48FC-27A4-C67C14A76EF3}.Release|Any CPU.Build.0 = Release|Any CPU
	EndGlobalSection
	GlobalSection(SolutionProperties) = preSolution
		HideSolutionNode = FALSE
	EndGlobalSection
	GlobalSection(ExtensibilityGlobals) = postSolution
		SolutionGuid = {F2CACA5B-7F19-4687-9162-2A33AB7953FF}
	EndGlobalSection
EndGlobal
